
Microsoft Visual Studio Solution File, Format Version 12.00
# Visual Studio Version 17
VisualStudioVersion = 17.9.34728.123
MinimumVisualStudioVersion = 10.0.40219.1
Project("{FAE04EC0-301F-11D3-BF4B-00C04F79EFBC}") = "FoodApplication", "FoodApplication\FoodApplication.csproj", "{EDB9C345-9B3A-4C43-B4EC-D1CA3A3550FE}"
EndProject
Global
	GlobalSection(SolutionConfigurationPlatforms) = preSolution
		Debug|Any CPU = Debug|Any CPU
		Release|Any CPU = Release|Any CPU
	EndGlobalSection
	GlobalSection(ProjectConfigurationPlatforms) = postSolution
		{EDB9C345-9B3A-4C43-B4EC-D1CA3A3550FE}.Debug|Any CPU.ActiveCfg = Debug|Any CPU
		{EDB9C345-9B3A-4C43-B4EC-D1CA3A3550FE}.Debug|Any CPU.Build.0 = Debug|Any CPU
		{EDB9C345-9B3A-4C43-B4EC-D1CA3A3550FE}.Release|Any CPU.ActiveCfg = Release|Any CPU
		{EDB9C345-9B3A-4C43-B4EC-D1CA3A3550FE}.Release|Any CPU.Build.0 = Release|Any CPU
	EndGlobalSection
	GlobalSection(SolutionProperties) = preSolution
		HideSolutionNode = FALSE
	EndGlobalSection
	GlobalSection(ExtensibilityGlobals) = postSolution
		SolutionGuid = {1AFE9794-C80A-4BCA-9C21-05AFD62812D9}
	EndGlobalSection
EndGlobal
